
Microsoft Visual Studio Solution File, Format Version 12.00
# Visual Studio 2013
VisualStudioVersion = 12.0.31101.0
MinimumVisualStudioVersion = 10.0.40219.1
Project("{FAE04EC0-301F-11D3-BF4B-00C04F79EFBC}") = "dzfroct2006", "dzfroct2006.csproj", "{CB0A1794-5D4F-4D54-9B66-6A596C2A7C2B}"
EndProject
Project("{FAE04EC0-301F-11D3-BF4B-00C04F79EFBC}") = "UnitTests", "UnitTests\UnitTests.csproj", "{30DDB9E1-AF69-465A-85A6-3DB44F6CDF14}"
EndProject
Global
	GlobalSection(TeamFoundationVersionControl) = preSolution
		SccNumberOfProjects = 3
		SccEnterpriseProvider = {4CA58AB2-18FA-4F8D-95D4-32DDF27D184C}
		SccTeamFoundationServer = https://dzhotels.visualstudio.com/defaultcollection
		SccLocalPath0 = .
		SccProjectUniqueName1 = dzfroct2006.csproj
		SccLocalPath1 = .
		SccProjectUniqueName2 = UnitTests\\UnitTests.csproj
		SccProjectName2 = UnitTests
		SccLocalPath2 = UnitTests
	EndGlobalSection
	GlobalSection(SolutionConfigurationPlatforms) = preSolution
		Debug|Any CPU = Debug|Any CPU
		Release|Any CPU = Release|Any CPU
	EndGlobalSection
	GlobalSection(ProjectConfigurationPlatforms) = postSolution
		{CB0A1794-5D4F-4D54-9B66-6A596C2A7C2B}.Debug|Any CPU.ActiveCfg = Debug|Any CPU
		{CB0A1794-5D4F-4D54-9B66-6A596C2A7C2B}.Debug|Any CPU.Build.0 = Debug|Any CPU
		{CB0A1794-5D4F-4D54-9B66-6A596C2A7C2B}.Release|Any CPU.ActiveCfg = Release|Any CPU
		{CB0A1794-5D4F-4D54-9B66-6A596C2A7C2B}.Release|Any CPU.Build.0 = Release|Any CPU
		{30DDB9E1-AF69-465A-85A6-3DB44F6CDF14}.Debug|Any CPU.ActiveCfg = Debug|Any CPU
		{30DDB9E1-AF69-465A-85A6-3DB44F6CDF14}.Debug|Any CPU.Build.0 = Debug|Any CPU
		{30DDB9E1-AF69-465A-85A6-3DB44F6CDF14}.Release|Any CPU.ActiveCfg = Release|Any CPU
		{30DDB9E1-AF69-465A-85A6-3DB44F6CDF14}.Release|Any CPU.Build.0 = Release|Any CPU
	EndGlobalSection
	GlobalSection(SolutionProperties) = preSolution
		HideSolutionNode = FALSE
	EndGlobalSection
EndGlobal
